# This file is generated by running "yarn install" inside your project.
# Manual changes might be lost - proceed with caution!

__metadata:
  version: 6
  cacheKey: 8

"@cspotcode/source-map-support@npm:^0.8.0":
  version: 0.8.1
  resolution: "@cspotcode/source-map-support@npm:0.8.1"
  dependencies:
    "@jridgewell/trace-mapping": 0.3.9
  checksum: 5718f267085ed8edb3e7ef210137241775e607ee18b77d95aa5bd7514f47f5019aa2d82d96b3bf342ef7aa890a346fa1044532ff7cc3009e7d24fce3ce6200fa
  languageName: node
  linkType: hard

"@jridgewell/resolve-uri@npm:^3.0.3":
  version: 3.1.0
  resolution: "@jridgewell/resolve-uri@npm:3.1.0"
  checksum: b5ceaaf9a110fcb2780d1d8f8d4a0bfd216702f31c988d8042e5f8fbe353c55d9b0f55a1733afdc64806f8e79c485d2464680ac48a0d9fcadb9548ee6b81d267
  languageName: node
  linkType: hard

"@jridgewell/sourcemap-codec@npm:^1.4.10":
  version: 1.4.14
  resolution: "@jridgewell/sourcemap-codec@npm:1.4.14"
  checksum: 61100637b6d173d3ba786a5dff019e1a74b1f394f323c1fee337ff390239f053b87266c7a948777f4b1ee68c01a8ad0ab61e5ff4abb5a012a0b091bec391ab97
  languageName: node
  linkType: hard

"@jridgewell/trace-mapping@npm:0.3.9":
  version: 0.3.9
  resolution: "@jridgewell/trace-mapping@npm:0.3.9"
  dependencies:
    "@jridgewell/resolve-uri": ^3.0.3
    "@jridgewell/sourcemap-codec": ^1.4.10
  checksum: d89597752fd88d3f3480845691a05a44bd21faac18e2185b6f436c3b0fd0c5a859fbbd9aaa92050c4052caf325ad3e10e2e1d1b64327517471b7d51babc0ddef
  languageName: node
  linkType: hard

"@tsconfig/node10@npm:^1.0.7":
  version: 1.0.9
  resolution: "@tsconfig/node10@npm:1.0.9"
  checksum: a33ae4dc2a621c0678ac8ac4bceb8e512ae75dac65417a2ad9b022d9b5411e863c4c198b6ba9ef659e14b9fb609bbec680841a2e84c1172df7a5ffcf076539df
  languageName: node
  linkType: hard

"@tsconfig/node12@npm:^1.0.7":
  version: 1.0.11
  resolution: "@tsconfig/node12@npm:1.0.11"
  checksum: 5ce29a41b13e7897a58b8e2df11269c5395999e588b9a467386f99d1d26f6c77d1af2719e407621412520ea30517d718d5192a32403b8dfcc163bf33e40a338a
  languageName: node
  linkType: hard

"@tsconfig/node14@npm:^1.0.0":
  version: 1.0.3
  resolution: "@tsconfig/node14@npm:1.0.3"
  checksum: 19275fe80c4c8d0ad0abed6a96dbf00642e88b220b090418609c4376e1cef81bf16237bf170ad1b341452feddb8115d8dd2e5acdfdea1b27422071163dc9ba9d
  languageName: node
  linkType: hard

"@tsconfig/node16@npm:^1.0.2":
  version: 1.0.3
  resolution: "@tsconfig/node16@npm:1.0.3"
  checksum: 3a8b657dd047495b7ad23437d6afd20297ce90380ff0bdee93fc7d39a900dbd8d9e26e53ff6b465e7967ce2adf0b218782590ce9013285121e6a5928fbd6819f
  languageName: node
  linkType: hard

"@types/node@npm:^18.11.18":
  version: 18.11.18
  resolution: "@types/node@npm:18.11.18"
  checksum: 03f17f9480f8d775c8a72da5ea7e9383db5f6d85aa5fefde90dd953a1449bd5e4ffde376f139da4f3744b4c83942166d2a7603969a6f8ea826edfb16e6e3b49d
  languageName: node
  linkType: hard

"a-sync-waterfall@npm:^1.0.0":
  version: 1.0.1
  resolution: "a-sync-waterfall@npm:1.0.1"
  checksum: 534948b50d6787c2dd5b7e89179b30c0fd96ac80a662d0f92eaa568cfffb36f1eea4aa720e3a21572d8b5f8686940954ac9d8c7667bcc719c1317ae3bdf86fe0
  languageName: node
  linkType: hard

"acorn-walk@npm:^8.1.1":
  version: 8.2.0
  resolution: "acorn-walk@npm:8.2.0"
  checksum: 1715e76c01dd7b2d4ca472f9c58968516a4899378a63ad5b6c2d668bba8da21a71976c14ec5f5b75f887b6317c4ae0b897ab141c831d741dc76024d8745f1ad1
  languageName: node
  linkType: hard

"acorn@npm:^8.4.1":
  version: 8.8.2
  resolution: "acorn@npm:8.8.2"
  bin:
    acorn: bin/acorn
  checksum: f790b99a1bf63ef160c967e23c46feea7787e531292bb827126334612c234ed489a0dc2c7ba33156416f0ffa8d25bf2b0fdb7f35c2ba60eb3e960572bece4001
  languageName: node
  linkType: hard

"arg@npm:^4.1.0":
  version: 4.1.3
  resolution: "arg@npm:4.1.3"
  checksum: 544af8dd3f60546d3e4aff084d451b96961d2267d668670199692f8d054f0415d86fc5497d0e641e91546f0aa920e7c29e5250e99fc89f5552a34b5d93b77f43
  languageName: node
  linkType: hard

"asap@npm:^2.0.3":
  version: 2.0.6
  resolution: "asap@npm:2.0.6"
  checksum: b296c92c4b969e973260e47523207cd5769abd27c245a68c26dc7a0fe8053c55bb04360237cb51cab1df52be939da77150ace99ad331fb7fb13b3423ed73ff3d
  languageName: node
  linkType: hard

"camel-case@npm:^4.1.2":
  version: 4.1.2
  resolution: "camel-case@npm:4.1.2"
  dependencies:
    pascal-case: ^3.1.2
    tslib: ^2.0.3
  checksum: bcbd25cd253b3cbc69be3f535750137dbf2beb70f093bdc575f73f800acc8443d34fd52ab8f0a2413c34f1e8203139ffc88428d8863e4dfe530cfb257a379ad6
  languageName: node
  linkType: hard

"capital-case@npm:^1.0.4":
  version: 1.0.4
  resolution: "capital-case@npm:1.0.4"
  dependencies:
    no-case: ^3.0.4
    tslib: ^2.0.3
    upper-case-first: ^2.0.2
  checksum: 41fa8fa87f6d24d0835a2b4a9341a3eaecb64ac29cd7c5391f35d6175a0fa98ab044e7f2602e1ec3afc886231462ed71b5b80c590b8b41af903ec2c15e5c5931
  languageName: node
  linkType: hard

"change-case@npm:^4.1.2":
  version: 4.1.2
  resolution: "change-case@npm:4.1.2"
  dependencies:
    camel-case: ^4.1.2
    capital-case: ^1.0.4
    constant-case: ^3.0.4
    dot-case: ^3.0.4
    header-case: ^2.0.4
    no-case: ^3.0.4
    param-case: ^3.0.4
    pascal-case: ^3.1.2
    path-case: ^3.0.4
    sentence-case: ^3.0.4
    snake-case: ^3.0.4
    tslib: ^2.0.3
  checksum: e4bc4a093a1f7cce8b33896665cf9e456e3bc3cc0def2ad7691b1994cfca99b3188d0a513b16855b01a6bd20692fcde12a7d4d87a5615c4c515bbbf0e651f116
  languageName: node
  linkType: hard

"commander@npm:^5.1.0":
  version: 5.1.0
  resolution: "commander@npm:5.1.0"
  checksum: 0b7fec1712fbcc6230fcb161d8d73b4730fa91a21dc089515489402ad78810547683f058e2a9835929c212fead1d6a6ade70db28bbb03edbc2829a9ab7d69447
  languageName: node
  linkType: hard

"constant-case@npm:^3.0.4":
  version: 3.0.4
  resolution: "constant-case@npm:3.0.4"
  dependencies:
    no-case: ^3.0.4
    tslib: ^2.0.3
    upper-case: ^2.0.2
  checksum: 6c3346d51afc28d9fae922e966c68eb77a19d94858dba230dd92d7b918b37d36db50f0311e9ecf6847e43e934b1c01406a0936973376ab17ec2c471fbcfb2cf3
  languageName: node
  linkType: hard

"create-require@npm:^1.1.0":
  version: 1.1.1
  resolution: "create-require@npm:1.1.1"
  checksum: a9a1503d4390d8b59ad86f4607de7870b39cad43d929813599a23714831e81c520bddf61bcdd1f8e30f05fd3a2b71ae8538e946eb2786dc65c2bbc520f692eff
  languageName: node
  linkType: hard

"diff@npm:^4.0.1":
  version: 4.0.2
  resolution: "diff@npm:4.0.2"
  checksum: f2c09b0ce4e6b301c221addd83bf3f454c0bc00caa3dd837cf6c127d6edf7223aa2bbe3b688feea110b7f262adbfc845b757c44c8a9f8c0c5b15d8fa9ce9d20d
  languageName: node
  linkType: hard

"dot-case@npm:^3.0.4":
  version: 3.0.4
  resolution: "dot-case@npm:3.0.4"
  dependencies:
    no-case: ^3.0.4
    tslib: ^2.0.3
  checksum: a65e3519414856df0228b9f645332f974f2bf5433370f544a681122eab59e66038fc3349b4be1cdc47152779dac71a5864f1ccda2f745e767c46e9c6543b1169
  languageName: node
  linkType: hard

"hassbuilder@workspace:.":
  version: 0.0.0-use.local
  resolution: "hassbuilder@workspace:."
  dependencies:
    "@types/node": ^18.11.18
    change-case: ^4.1.2
    nunjucks: ^3.2.3
    ts-node: ^10.9.1
    typescript: ^4.9.4
    yaml: ^2.2.1
  languageName: unknown
  linkType: soft

"header-case@npm:^2.0.4":
  version: 2.0.4
  resolution: "header-case@npm:2.0.4"
  dependencies:
    capital-case: ^1.0.4
    tslib: ^2.0.3
  checksum: 571c83eeb25e8130d172218712f807c0b96d62b020981400bccc1503a7cf14b09b8b10498a962d2739eccf231d950e3848ba7d420b58a6acd2f9283439546cd9
  languageName: node
  linkType: hard

"lower-case@npm:^2.0.2":
  version: 2.0.2
  resolution: "lower-case@npm:2.0.2"
  dependencies:
    tslib: ^2.0.3
  checksum: 83a0a5f159ad7614bee8bf976b96275f3954335a84fad2696927f609ddae902802c4f3312d86668722e668bef41400254807e1d3a7f2e8c3eede79691aa1f010
  languageName: node
  linkType: hard

"make-error@npm:^1.1.1":
  version: 1.3.6
  resolution: "make-error@npm:1.3.6"
  checksum: b86e5e0e25f7f777b77fabd8e2cbf15737972869d852a22b7e73c17623928fccb826d8e46b9951501d3f20e51ad74ba8c59ed584f610526a48f8ccf88aaec402
  languageName: node
  linkType: hard

"no-case@npm:^3.0.4":
  version: 3.0.4
  resolution: "no-case@npm:3.0.4"
  dependencies:
    lower-case: ^2.0.2
    tslib: ^2.0.3
  checksum: 0b2ebc113dfcf737d48dde49cfebf3ad2d82a8c3188e7100c6f375e30eafbef9e9124aadc3becef237b042fd5eb0aad2fd78669c20972d045bbe7fea8ba0be5c
  languageName: node
  linkType: hard

"nunjucks@npm:^3.2.3":
  version: 3.2.3
  resolution: "nunjucks@npm:3.2.3"
  dependencies:
    a-sync-waterfall: ^1.0.0
    asap: ^2.0.3
    commander: ^5.1.0
  peerDependencies:
    chokidar: ^3.3.0
  peerDependenciesMeta:
    chokidar:
      optional: true
  bin:
    nunjucks-precompile: bin/precompile
  checksum: 9d0125acf917166675af2d9b5d525b6d3edaba68ec6f8c92edee8ad05140cfa8aef12feb46f4c3da52ed2836cadfb9d26fbf1fa9d9be6bef4660d03ce1e89dbe
  languageName: node
  linkType: hard

"param-case@npm:^3.0.4":
  version: 3.0.4
  resolution: "param-case@npm:3.0.4"
  dependencies:
    dot-case: ^3.0.4
    tslib: ^2.0.3
  checksum: b34227fd0f794e078776eb3aa6247442056cb47761e9cd2c4c881c86d84c64205f6a56ef0d70b41ee7d77da02c3f4ed2f88e3896a8fefe08bdfb4deca037c687
  languageName: node
  linkType: hard

"pascal-case@npm:^3.1.2":
  version: 3.1.2
  resolution: "pascal-case@npm:3.1.2"
  dependencies:
    no-case: ^3.0.4
    tslib: ^2.0.3
  checksum: ba98bfd595fc91ef3d30f4243b1aee2f6ec41c53b4546bfa3039487c367abaa182471dcfc830a1f9e1a0df00c14a370514fa2b3a1aacc68b15a460c31116873e
  languageName: node
  linkType: hard

"path-case@npm:^3.0.4":
  version: 3.0.4
  resolution: "path-case@npm:3.0.4"
  dependencies:
    dot-case: ^3.0.4
    tslib: ^2.0.3
  checksum: 61de0526222629f65038a66f63330dd22d5b54014ded6636283e1d15364da38b3cf29e4433aa3f9d8b0dba407ae2b059c23b0104a34ee789944b1bc1c5c7e06d
  languageName: node
  linkType: hard

"sentence-case@npm:^3.0.4":
  version: 3.0.4
  resolution: "sentence-case@npm:3.0.4"
  dependencies:
    no-case: ^3.0.4
    tslib: ^2.0.3
    upper-case-first: ^2.0.2
  checksum: 3cfe6c0143e649132365695706702d7f729f484fa7b25f43435876efe7af2478243eefb052bacbcce10babf9319fd6b5b6bc59b94c80a1c819bcbb40651465d5
  languageName: node
  linkType: hard

"snake-case@npm:^3.0.4":
  version: 3.0.4
  resolution: "snake-case@npm:3.0.4"
  dependencies:
    dot-case: ^3.0.4
    tslib: ^2.0.3
  checksum: 0a7a79900bbb36f8aaa922cf111702a3647ac6165736d5dc96d3ef367efc50465cac70c53cd172c382b022dac72ec91710608e5393de71f76d7142e6fd80e8a3
  languageName: node
  linkType: hard

"ts-node@npm:^10.9.1":
  version: 10.9.1
  resolution: "ts-node@npm:10.9.1"
  dependencies:
    "@cspotcode/source-map-support": ^0.8.0
    "@tsconfig/node10": ^1.0.7
    "@tsconfig/node12": ^1.0.7
    "@tsconfig/node14": ^1.0.0
    "@tsconfig/node16": ^1.0.2
    acorn: ^8.4.1
    acorn-walk: ^8.1.1
    arg: ^4.1.0
    create-require: ^1.1.0
    diff: ^4.0.1
    make-error: ^1.1.1
    v8-compile-cache-lib: ^3.0.1
    yn: 3.1.1
  peerDependencies:
    "@swc/core": ">=1.2.50"
    "@swc/wasm": ">=1.2.50"
    "@types/node": "*"
    typescript: ">=2.7"
  peerDependenciesMeta:
    "@swc/core":
      optional: true
    "@swc/wasm":
      optional: true
  bin:
    ts-node: dist/bin.js
    ts-node-cwd: dist/bin-cwd.js
    ts-node-esm: dist/bin-esm.js
    ts-node-script: dist/bin-script.js
    ts-node-transpile-only: dist/bin-transpile.js
    ts-script: dist/bin-script-deprecated.js
  checksum: 090adff1302ab20bd3486e6b4799e90f97726ed39e02b39e566f8ab674fd5bd5f727f43615debbfc580d33c6d9d1c6b1b3ce7d8e3cca3e20530a145ffa232c35
  languageName: node
  linkType: hard

"tslib@npm:^2.0.3":
  version: 2.4.1
  resolution: "tslib@npm:2.4.1"
  checksum: 19480d6e0313292bd6505d4efe096a6b31c70e21cf08b5febf4da62e95c265c8f571f7b36fcc3d1a17e068032f59c269fab3459d6cd3ed6949eafecf64315fca
  languageName: node
  linkType: hard

"typescript@npm:^4.9.4":
  version: 4.9.4
  resolution: "typescript@npm:4.9.4"
  bin:
    tsc: bin/tsc
    tsserver: bin/tsserver
  checksum: e782fb9e0031cb258a80000f6c13530288c6d63f1177ed43f770533fdc15740d271554cdae86701c1dd2c83b082cea808b07e97fd68b38a172a83dbf9e0d0ef9
  languageName: node
  linkType: hard

"typescript@patch:typescript@^4.9.4#~builtin<compat/typescript>":
  version: 4.9.4
  resolution: "typescript@patch:typescript@npm%3A4.9.4#~builtin<compat/typescript>::version=4.9.4&hash=ad5954"
  bin:
    tsc: bin/tsc
    tsserver: bin/tsserver
  checksum: 1caaea6cb7f813e64345190fddc4e6c924d0b698ab81189b503763c4a18f7f5501c69362979d36e19c042d89d936443e768a78b0675690b35eb663d19e0eae71
  languageName: node
  linkType: hard

"upper-case-first@npm:^2.0.2":
  version: 2.0.2
  resolution: "upper-case-first@npm:2.0.2"
  dependencies:
    tslib: ^2.0.3
  checksum: 4487db4701effe3b54ced4b3e4aa4d9ab06c548f97244d04aafb642eedf96a76d5a03cf5f38f10f415531d5792d1ac6e1b50f2a76984dc6964ad530f12876409
  languageName: node
  linkType: hard

"upper-case@npm:^2.0.2":
  version: 2.0.2
  resolution: "upper-case@npm:2.0.2"
  dependencies:
    tslib: ^2.0.3
  checksum: 508723a2b03ab90cf1d6b7e0397513980fab821cbe79c87341d0e96cedefadf0d85f9d71eac24ab23f526a041d585a575cfca120a9f920e44eb4f8a7cf89121c
  languageName: node
  linkType: hard

"v8-compile-cache-lib@npm:^3.0.1":
  version: 3.0.1
  resolution: "v8-compile-cache-lib@npm:3.0.1"
  checksum: 78089ad549e21bcdbfca10c08850022b22024cdcc2da9b168bcf5a73a6ed7bf01a9cebb9eac28e03cd23a684d81e0502797e88f3ccd27a32aeab1cfc44c39da0
  languageName: node
  linkType: hard

"yaml@npm:^2.2.1":
  version: 2.2.1
  resolution: "yaml@npm:2.2.1"
  checksum: 84f68cbe462d5da4e7ded4a8bded949ffa912bc264472e5a684c3d45b22d8f73a3019963a32164023bdf3d83cfb6f5b58ff7b2b10ef5b717c630f40bd6369a23
  languageName: node
  linkType: hard

"yn@npm:3.1.1":
  version: 3.1.1
  resolution: "yn@npm:3.1.1"
  checksum: 2c487b0e149e746ef48cda9f8bad10fc83693cd69d7f9dcd8be4214e985de33a29c9e24f3c0d6bcf2288427040a8947406ab27f7af67ee9456e6b84854f02dd6
  languageName: node
  linkType: hard
